
Microsoft Visual Studio Solution File, Format Version 12.00
# Visual Studio Version 16
VisualStudioVersion = 16.0.31005.135
MinimumVisualStudioVersion = 10.0.40219.1
Project("{9A19103F-16F7-4668-BE54-9A1E7A4F7556}") = "Business", "Business\Business.csproj", "{96D3C8B7-4069-4213-9FCE-930FCF5CAFE8}"
EndProject
Project("{9A19103F-16F7-4668-BE54-9A1E7A4F7556}") = "Entities", "Entities\Entities.csproj", "{363BD257-1D09-4EF4-AF7C-171BF438D52E}"
EndProject
Project("{9A19103F-16F7-4668-BE54-9A1E7A4F7556}") = "DataAccess", "DataAccess\DataAccess.csproj", "{1C75154F-EC18-43E2-8F09-FDB30D9E1F1A}"
EndProject
Project("{9A19103F-16F7-4668-BE54-9A1E7A4F7556}") = "ConsoleUI", "ConsoleUI\ConsoleUI.csproj", "{A48BF82B-0002-4DD4-8CBE-5DABC5954C0F}"
EndProject
Project("{9A19103F-16F7-4668-BE54-9A1E7A4F7556}") = "Core", "Core\Core.csproj", "{0FE8C25F-B501-492F-B246-352453433029}"
EndProject
Project("{FAE04EC0-301F-11D3-BF4B-00C04F79EFBC}") = "WebAPI", "WebAPI\WebAPI.csproj", "{D55DB48F-33FF-4440-96C8-2B24D672F3D2}"
EndProject
Global
	GlobalSection(SolutionConfigurationPlatforms) = preSolution
		Debug|Any CPU = Debug|Any CPU
		Release|Any CPU = Release|Any CPU
	EndGlobalSection
	GlobalSection(ProjectConfigurationPlatforms) = postSolution
		{96D3C8B7-4069-4213-9FCE-930FCF5CAFE8}.Debug|Any CPU.ActiveCfg = Debug|Any CPU
		{96D3C8B7-4069-4213-9FCE-930FCF5CAFE8}.Debug|Any CPU.Build.0 = Debug|Any CPU
		{96D3C8B7-4069-4213-9FCE-930FCF5CAFE8}.Release|Any CPU.ActiveCfg = Release|Any CPU
		{96D3C8B7-4069-4213-9FCE-930FCF5CAFE8}.Release|Any CPU.Build.0 = Release|Any CPU
		{363BD257-1D09-4EF4-AF7C-171BF438D52E}.Debug|Any CPU.ActiveCfg = Debug|Any CPU
		{363BD257-1D09-4EF4-AF7C-171BF438D52E}.Debug|Any CPU.Build.0 = Debug|Any CPU
		{363BD257-1D09-4EF4-AF7C-171BF438D52E}.Release|Any CPU.ActiveCfg = Release|Any CPU
		{363BD257-1D09-4EF4-AF7C-171BF438D52E}.Release|Any CPU.Build.0 = Release|Any CPU
		{1C75154F-EC18-43E2-8F09-FDB30D9E1F1A}.Debug|Any CPU.ActiveCfg = Debug|Any CPU
		{1C75154F-EC18-43E2-8F09-FDB30D9E1F1A}.Debug|Any CPU.Build.0 = Debug|Any CPU
		{1C75154F-EC18-43E2-8F09-FDB30D9E1F1A}.Release|Any CPU.ActiveCfg = Release|Any CPU
		{1C75154F-EC18-43E2-8F09-FDB30D9E1F1A}.Release|Any CPU.Build.0 = Release|Any CPU
		{A48BF82B-0002-4DD4-8CBE-5DABC5954C0F}.Debug|Any CPU.ActiveCfg = Debug|Any CPU
		{A48BF82B-0002-4DD4-8CBE-5DABC5954C0F}.Debug|Any CPU.Build.0 = Debug|Any CPU
		{A48BF82B-0002-4DD4-8CBE-5DABC5954C0F}.Release|Any CPU.ActiveCfg = Release|Any CPU
		{A48BF82B-0002-4DD4-8CBE-5DABC5954C0F}.Release|Any CPU.Build.0 = Release|Any CPU
		{0FE8C25F-B501-492F-B246-352453433029}.Debug|Any CPU.ActiveCfg = Debug|Any CPU
		{0FE8C25F-B501-492F-B246-352453433029}.Debug|Any CPU.Build.0 = Debug|Any CPU
		{0FE8C25F-B501-492F-B246-352453433029}.Release|Any CPU.ActiveCfg = Release|Any CPU
		{0FE8C25F-B501-492F-B246-352453433029}.Release|Any CPU.Build.0 = Release|Any CPU
		{D55DB48F-33FF-4440-96C8-2B24D672F3D2}.Debug|Any CPU.ActiveCfg = Debug|Any CPU
		{D55DB48F-33FF-4440-96C8-2B24D672F3D2}.Debug|Any CPU.Build.0 = Debug|Any CPU
		{D55DB48F-33FF-4440-96C8-2B24D672F3D2}.Release|Any CPU.ActiveCfg = Release|Any CPU
		{D55DB48F-33FF-4440-96C8-2B24D672F3D2}.Release|Any CPU.Build.0 = Release|Any CPU
	EndGlobalSection
	GlobalSection(SolutionProperties) = preSolution
		HideSolutionNode = FALSE
	EndGlobalSection
	GlobalSection(ExtensibilityGlobals) = postSolution
		SolutionGuid = {4388C5C1-4D50-4027-9412-090E8DA083F3}
	EndGlobalSection
EndGlobal
